// !$*UTF8*$!
{
	archiveVersion = 1;
	classes = {
	};
	objectVersion = 50;
	objects = {

/* Begin PBXBuildFile section */
		713148D12684B53500F303E6 /* ScheduleListViewController.swift in Sources */ = {isa = PBXBuildFile; fileRef = 713148CF2684B53500F303E6 /* ScheduleListViewController.swift */; };
		713148D22684B53500F303E6 /* ScheduleListViewController.xib in Resources */ = {isa = PBXBuildFile; fileRef = 713148D02684B53500F303E6 /* ScheduleListViewController.xib */; };
		713148D52684B54200F303E6 /* AddScheduleViewController.swift in Sources */ = {isa = PBXBuildFile; fileRef = 713148D32684B54200F303E6 /* AddScheduleViewController.swift */; };
		713148D62684B54200F303E6 /* AddScheduleViewController.xib in Resources */ = {isa = PBXBuildFile; fileRef = 713148D42684B54200F303E6 /* AddScheduleViewController.xib */; };
		71360A3325CBD2F100E8E668 /* AppDelegate.swift in Sources */ = {isa = PBXBuildFile; fileRef = 71360A3225CBD2F100E8E668 /* AppDelegate.swift */; };
		71360A3725CBD2F400E8E668 /* Assets.xcassets in Resources */ = {isa = PBXBuildFile; fileRef = 71360A3625CBD2F400E8E668 /* Assets.xcassets */; };
		71360A3A25CBD2F400E8E668 /* Main.storyboard in Resources */ = {isa = PBXBuildFile; fileRef = 71360A3825CBD2F400E8E668 /* Main.storyboard */; };
		719349E925CBD31F00747459 /* ScheduleModel.swift in Sources */ = {isa = PBXBuildFile; fileRef = 719349E225CBD31F00747459 /* ScheduleModel.swift */; };
		719349EA25CBD31F00747459 /* User.swift in Sources */ = {isa = PBXBuildFile; fileRef = 719349E325CBD31F00747459 /* User.swift */; };
		719349EB25CBD31F00747459 /* Ex+String.swift in Sources */ = {isa = PBXBuildFile; fileRef = 719349E425CBD31F00747459 /* Ex+String.swift */; };
		719349EC25CBD31F00747459 /* RequestService.swift in Sources */ = {isa = PBXBuildFile; fileRef = 719349E525CBD31F00747459 /* RequestService.swift */; };
		719349ED25CBD31F00747459 /* PopViewController.xib in Resources */ = {isa = PBXBuildFile; fileRef = 719349E625CBD31F00747459 /* PopViewController.xib */; };
		719349EE25CBD31F00747459 /* PopViewController.swift in Sources */ = {isa = PBXBuildFile; fileRef = 719349E725CBD31F00747459 /* PopViewController.swift */; };
		719349EF25CBD31F00747459 /* ScheduleService.swift in Sources */ = {isa = PBXBuildFile; fileRef = 719349E825CBD31F00747459 /* ScheduleService.swift */; };
		719349F425CBD36300747459 /* Schedule.json in Resources */ = {isa = PBXBuildFile; fileRef = 719349F325CBD36300747459 /* Schedule.json */; };
		C60C3C977E947CD7D7C2A01C /* Pods_Bark_Mac.framework in Frameworks */ = {isa = PBXBuildFile; fileRef = 081040E24A788D6246A4CD2C /* Pods_Bark_Mac.framework */; };
/* End PBXBuildFile section */

/* Begin PBXFileReference section */
		081040E24A788D6246A4CD2C /* Pods_Bark_Mac.framework */ = {isa = PBXFileReference; explicitFileType = wrapper.framework; includeInIndex = 0; path = Pods_Bark_Mac.framework; sourceTree = BUILT_PRODUCTS_DIR; };
		5E6ED096FCAD3F0D14029854 /* Pods-Bark-Mac.debug.xcconfig */ = {isa = PBXFileReference; includeInIndex = 1; lastKnownFileType = text.xcconfig; name = "Pods-Bark-Mac.debug.xcconfig"; path = "Target Support Files/Pods-Bark-Mac/Pods-Bark-Mac.debug.xcconfig"; sourceTree = "<group>"; };
		713148CF2684B53500F303E6 /* ScheduleListViewController.swift */ = {isa = PBXFileReference; lastKnownFileType = sourcecode.swift; path = ScheduleListViewController.swift; sourceTree = "<group>"; };
		713148D02684B53500F303E6 /* ScheduleListViewController.xib */ = {isa = PBXFileReference; lastKnownFileType = file.xib; path = ScheduleListViewController.xib; sourceTree = "<group>"; };
		713148D32684B54200F303E6 /* AddScheduleViewController.swift */ = {isa = PBXFileReference; lastKnownFileType = sourcecode.swift; path = AddScheduleViewController.swift; sourceTree = "<group>"; };
		713148D42684B54200F303E6 /* AddScheduleViewController.xib */ = {isa = PBXFileReference; lastKnownFileType = file.xib; path = AddScheduleViewController.xib; sourceTree = "<group>"; };
		71360A2F25CBD2F100E8E668 /* Bark-Mac.app */ = {isa = PBXFileReference; explicitFileType = wrapper.application; includeInIndex = 0; path = "Bark-Mac.app"; sourceTree = BUILT_PRODUCTS_DIR; };
		71360A3225CBD2F100E8E668 /* AppDelegate.swift */ = {isa = PBXFileReference; lastKnownFileType = sourcecode.swift; path = AppDelegate.swift; sourceTree = "<group>"; };
		71360A3625CBD2F400E8E668 /* Assets.xcassets */ = {isa = PBXFileReference; lastKnownFileType = folder.assetcatalog; path = Assets.xcassets; sourceTree = "<group>"; };
		71360A3925CBD2F400E8E668 /* Base */ = {isa = PBXFileReference; lastKnownFileType = file.storyboard; name = Base; path = Base.lproj/Main.storyboard; sourceTree = "<group>"; };
		71360A3B25CBD2F400E8E668 /* Info.plist */ = {isa = PBXFileReference; lastKnownFileType = text.plist.xml; path = Info.plist; sourceTree = "<group>"; };
		71360A3C25CBD2F400E8E668 /* Bark_Mac.entitlements */ = {isa = PBXFileReference; lastKnownFileType = text.plist.entitlements; path = Bark_Mac.entitlements; sourceTree = "<group>"; };
		719349E225CBD31F00747459 /* ScheduleModel.swift */ = {isa = PBXFileReference; fileEncoding = 4; lastKnownFileType = sourcecode.swift; path = ScheduleModel.swift; sourceTree = "<group>"; };
		719349E325CBD31F00747459 /* User.swift */ = {isa = PBXFileReference; fileEncoding = 4; lastKnownFileType = sourcecode.swift; path = User.swift; sourceTree = "<group>"; };
		719349E425CBD31F00747459 /* Ex+String.swift */ = {isa = PBXFileReference; fileEncoding = 4; lastKnownFileType = sourcecode.swift; path = "Ex+String.swift"; sourceTree = "<group>"; };
		719349E525CBD31F00747459 /* RequestService.swift */ = {isa = PBXFileReference; fileEncoding = 4; lastKnownFileType = sourcecode.swift; path = RequestService.swift; sourceTree = "<group>"; };
		719349E625CBD31F00747459 /* PopViewController.xib */ = {isa = PBXFileReference; fileEncoding = 4; lastKnownFileType = file.xib; path = PopViewController.xib; sourceTree = "<group>"; };
		719349E725CBD31F00747459 /* PopViewController.swift */ = {isa = PBXFileReference; fileEncoding = 4; lastKnownFileType = sourcecode.swift; path = PopViewController.swift; sourceTree = "<group>"; };
		719349E825CBD31F00747459 /* ScheduleService.swift */ = {isa = PBXFileReference; fileEncoding = 4; lastKnownFileType = sourcecode.swift; path = ScheduleService.swift; sourceTree = "<group>"; };
		719349F325CBD36300747459 /* Schedule.json */ = {isa = PBXFileReference; fileEncoding = 4; lastKnownFileType = text.json; path = Schedule.json; sourceTree = "<group>"; };
		F9F6D09BBC7C4BB70ACB8B25 /* Pods-Bark-Mac.release.xcconfig */ = {isa = PBXFileReference; includeInIndex = 1; lastKnownFileType = text.xcconfig; name = "Pods-Bark-Mac.release.xcconfig"; path = "Target Support Files/Pods-Bark-Mac/Pods-Bark-Mac.release.xcconfig"; sourceTree = "<group>"; };
/* End PBXFileReference section */

/* Begin PBXFrameworksBuildPhase section */
		71360A2C25CBD2F100E8E668 /* Frameworks */ = {
			isa = PBXFrameworksBuildPhase;
			buildActionMask = 2147483647;
			files = (
				C60C3C977E947CD7D7C2A01C /* Pods_Bark_Mac.framework in Frameworks */,
			);
			runOnlyForDeploymentPostprocessing = 0;
		};
/* End PBXFrameworksBuildPhase section */

/* Begin PBXGroup section */
		3DDAFD81768308EF2E2C28BE /* Pods */ = {
			isa = PBXGroup;
			children = (
				5E6ED096FCAD3F0D14029854 /* Pods-Bark-Mac.debug.xcconfig */,
				F9F6D09BBC7C4BB70ACB8B25 /* Pods-Bark-Mac.release.xcconfig */,
			);
			name = Pods;
			path = Pods;
			sourceTree = "<group>";
		};
		59A51061AFE33DD57F234A66 /* Frameworks */ = {
			isa = PBXGroup;
			children = (
				081040E24A788D6246A4CD2C /* Pods_Bark_Mac.framework */,
			);
			name = Frameworks;
			sourceTree = "<group>";
		};
		71360A2625CBD2F100E8E668 = {
			isa = PBXGroup;
			children = (
				71360A3125CBD2F100E8E668 /* Bark-Mac */,
				71360A3025CBD2F100E8E668 /* Products */,
				3DDAFD81768308EF2E2C28BE /* Pods */,
				59A51061AFE33DD57F234A66 /* Frameworks */,
			);
			sourceTree = "<group>";
		};
		71360A3025CBD2F100E8E668 /* Products */ = {
			isa = PBXGroup;
			children = (
				71360A2F25CBD2F100E8E668 /* Bark-Mac.app */,
			);
			name = Products;
			sourceTree = "<group>";
		};
		71360A3125CBD2F100E8E668 /* Bark-Mac */ = {
			isa = PBXGroup;
			children = (
				71360A3225CBD2F100E8E668 /* AppDelegate.swift */,
				719349E725CBD31F00747459 /* PopViewController.swift */,
				719349E625CBD31F00747459 /* PopViewController.xib */,
				713148CF2684B53500F303E6 /* ScheduleListViewController.swift */,
				713148D02684B53500F303E6 /* ScheduleListViewController.xib */,
				713148D32684B54200F303E6 /* AddScheduleViewController.swift */,
				713148D42684B54200F303E6 /* AddScheduleViewController.xib */,
				719349E225CBD31F00747459 /* ScheduleModel.swift */,
				719349E825CBD31F00747459 /* ScheduleService.swift */,
				719349E525CBD31F00747459 /* RequestService.swift */,
				719349E325CBD31F00747459 /* User.swift */,
				719349E425CBD31F00747459 /* Ex+String.swift */,
				719349F325CBD36300747459 /* Schedule.json */,
				71360A3625CBD2F400E8E668 /* Assets.xcassets */,
				71360A3825CBD2F400E8E668 /* Main.storyboard */,
				71360A3B25CBD2F400E8E668 /* Info.plist */,
				71360A3C25CBD2F400E8E668 /* Bark_Mac.entitlements */,
			);
			path = "Bark-Mac";
			sourceTree = "<group>";
		};
/* End PBXGroup section */

/* Begin PBXNativeTarget section */
		71360A2E25CBD2F100E8E668 /* Bark-Mac */ = {
			isa = PBXNativeTarget;
			buildConfigurationList = 71360A3F25CBD2F400E8E668 /* Build configuration list for PBXNativeTarget "Bark-Mac" */;
			buildPhases = (
				EDFDA82324BE130D22BB363E /* [CP] Check Pods Manifest.lock */,
				71360A2B25CBD2F100E8E668 /* Sources */,
				71360A2C25CBD2F100E8E668 /* Frameworks */,
				71360A2D25CBD2F100E8E668 /* Resources */,
				FD425E40A88A5601D522B52D /* [CP] Embed Pods Frameworks */,
			);
			buildRules = (
			);
			dependencies = (
			);
			name = "Bark-Mac";
			productName = "Bark-Mac";
			productReference = 71360A2F25CBD2F100E8E668 /* Bark-Mac.app */;
			productType = "com.apple.product-type.application";
		};
/* End PBXNativeTarget section */

/* Begin PBXProject section */
		71360A2725CBD2F100E8E668 /* Project object */ = {
			isa = PBXProject;
			attributes = {
				LastSwiftUpdateCheck = 1240;
				LastUpgradeCheck = 1240;
				TargetAttributes = {
					71360A2E25CBD2F100E8E668 = {
						CreatedOnToolsVersion = 12.4;
					};
				};
			};
			buildConfigurationList = 71360A2A25CBD2F100E8E668 /* Build configuration list for PBXProject "Bark-Mac" */;
			compatibilityVersion = "Xcode 9.3";
			developmentRegion = en;
			hasScannedForEncodings = 0;
			knownRegions = (
				en,
				Base,
			);
			mainGroup = 71360A2625CBD2F100E8E668;
			productRefGroup = 71360A3025CBD2F100E8E668 /* Products */;
			projectDirPath = "";
			projectRoot = "";
			targets = (
				71360A2E25CBD2F100E8E668 /* Bark-Mac */,
			);
		};
/* End PBXProject section */

/* Begin PBXResourcesBuildPhase section */
		71360A2D25CBD2F100E8E668 /* Resources */ = {
			isa = PBXResourcesBuildPhase;
			buildActionMask = 2147483647;
			files = (
				719349ED25CBD31F00747459 /* PopViewController.xib in Resources */,
				71360A3725CBD2F400E8E668 /* Assets.xcassets in Resources */,
				719349F425CBD36300747459 /* Schedule.json in Resources */,
				713148D62684B54200F303E6 /* AddScheduleViewController.xib in Resources */,
				71360A3A25CBD2F400E8E668 /* Main.storyboard in Resources */,
				713148D22684B53500F303E6 /* ScheduleListViewController.xib in Resources */,
			);
			runOnlyForDeploymentPostprocessing = 0;
		};
/* End PBXResourcesBuildPhase section */

/* Begin PBXShellScriptBuildPhase section */
		EDFDA82324BE130D22BB363E /* [CP] Check Pods Manifest.lock */ = {
			isa = PBXShellScriptBuildPhase;
			buildActionMask = 2147483647;
			files = (
			);
			inputFileListPaths = (
			);
			inputPaths = (
				"${PODS_PODFILE_DIR_PATH}/Podfile.lock",
				"${PODS_ROOT}/Manifest.lock",
			);
			name = "[CP] Check Pods Manifest.lock";
			outputFileListPaths = (
			);
			outputPaths = (
				"$(DERIVED_FILE_DIR)/Pods-Bark-Mac-checkManifestLockResult.txt",
			);
			runOnlyForDeploymentPostprocessing = 0;
			shellPath = /bin/sh;
			shellScript = "diff \"${PODS_PODFILE_DIR_PATH}/Podfile.lock\" \"${PODS_ROOT}/Manifest.lock\" > /dev/null\nif [ $? != 0 ] ; then\n    # print error to STDERR\n    echo \"error: The sandbox is not in sync with the Podfile.lock. Run 'pod install' or update your CocoaPods installation.\" >&2\n    exit 1\nfi\n# This output is used by Xcode 'outputs' to avoid re-running this script phase.\necho \"SUCCESS\" > \"${SCRIPT_OUTPUT_FILE_0}\"\n";
			showEnvVarsInLog = 0;
		};
		FD425E40A88A5601D522B52D /* [CP] Embed Pods Frameworks */ = {
			isa = PBXShellScriptBuildPhase;
			buildActionMask = 2147483647;
			files = (
			);
			inputFileListPaths = (
				"${PODS_ROOT}/Target Support Files/Pods-Bark-Mac/Pods-Bark-Mac-frameworks-${CONFIGURATION}-input-files.xcfilelist",
			);
			name = "[CP] Embed Pods Frameworks";
			outputFileListPaths = (
				"${PODS_ROOT}/Target Support Files/Pods-Bark-Mac/Pods-Bark-Mac-frameworks-${CONFIGURATION}-output-files.xcfilelist",
			);
			runOnlyForDeploymentPostprocessing = 0;
			shellPath = /bin/sh;
			shellScript = "\"${PODS_ROOT}/Target Support Files/Pods-Bark-Mac/Pods-Bark-Mac-frameworks.sh\"\n";
			showEnvVarsInLog = 0;
		};
/* End PBXShellScriptBuildPhase section */

/* Begin PBXSourcesBuildPhase section */
		71360A2B25CBD2F100E8E668 /* Sources */ = {
			isa = PBXSourcesBuildPhase;
			buildActionMask = 2147483647;
			files = (
				719349E925CBD31F00747459 /* ScheduleModel.swift in Sources */,
				719349EB25CBD31F00747459 /* Ex+String.swift in Sources */,
				719349EE25CBD31F00747459 /* PopViewController.swift in Sources */,
				71360A3325CBD2F100E8E668 /* AppDelegate.swift in Sources */,
				719349EF25CBD31F00747459 /* ScheduleService.swift in Sources */,
				719349EC25CBD31F00747459 /* RequestService.swift in Sources */,
				713148D12684B53500F303E6 /* ScheduleListViewController.swift in Sources */,
				713148D52684B54200F303E6 /* AddScheduleViewController.swift in Sources */,
				719349EA25CBD31F00747459 /* User.swift in Sources */,
			);
			runOnlyForDeploymentPostprocessing = 0;
		};
/* End PBXSourcesBuildPhase section */

/* Begin PBXVariantGroup section */
		71360A3825CBD2F400E8E668 /* Main.storyboard */ = {
			isa = PBXVariantGroup;
			children = (
				71360A3925CBD2F400E8E668 /* Base */,
			);
			name = Main.storyboard;
			sourceTree = "<group>";
		};
/* End PBXVariantGroup section */

/* Begin XCBuildConfiguration section */
		71360A3D25CBD2F400E8E668 /* Debug */ = {
			isa = XCBuildConfiguration;
			buildSettings = {
				ALWAYS_SEARCH_USER_PATHS = NO;
				CLANG_ANALYZER_NONNULL = YES;
				CLANG_ANALYZER_NUMBER_OBJECT_CONVERSION = YES_AGGRESSIVE;
				CLANG_CXX_LANGUAGE_STANDARD = "gnu++14";
				CLANG_CXX_LIBRARY = "libc++";
				CLANG_ENABLE_MODULES = YES;
				CLANG_ENABLE_OBJC_ARC = YES;
				CLANG_ENABLE_OBJC_WEAK = YES;
				CLANG_WARN_BLOCK_CAPTURE_AUTORELEASING = YES;
				CLANG_WARN_BOOL_CONVERSION = YES;
				CLANG_WARN_COMMA = YES;
				CLANG_WARN_CONSTANT_CONVERSION = YES;
				CLANG_WARN_DEPRECATED_OBJC_IMPLEMENTATIONS = YES;
				CLANG_WARN_DIRECT_OBJC_ISA_USAGE = YES_ERROR;
				CLANG_WARN_DOCUMENTATION_COMMENTS = YES;
				CLANG_WARN_EMPTY_BODY = YES;
				CLANG_WARN_ENUM_CONVERSION = YES;
				CLANG_WARN_INFINITE_RECURSION = YES;
				CLANG_WARN_INT_CONVERSION = YES;
				CLANG_WARN_NON_LITERAL_NULL_CONVERSION = YES;
				CLANG_WARN_OBJC_IMPLICIT_RETAIN_SELF = YES;
				CLANG_WARN_OBJC_LITERAL_CONVERSION = YES;
				CLANG_WARN_OBJC_ROOT_CLASS = YES_ERROR;
				CLANG_WARN_QUOTED_INCLUDE_IN_FRAMEWORK_HEADER = YES;
				CLANG_WARN_RANGE_LOOP_ANALYSIS = YES;
				CLANG_WARN_STRICT_PROTOTYPES = YES;
				CLANG_WARN_SUSPICIOUS_MOVE = YES;
				CLANG_WARN_UNGUARDED_AVAILABILITY = YES_AGGRESSIVE;
				CLANG_WARN_UNREACHABLE_CODE = YES;
				CLANG_WARN__DUPLICATE_METHOD_MATCH = YES;
				COPY_PHASE_STRIP = NO;
				DEBUG_INFORMATION_FORMAT = dwarf;
				ENABLE_STRICT_OBJC_MSGSEND = YES;
				ENABLE_TESTABILITY = YES;
				GCC_C_LANGUAGE_STANDARD = gnu11;
				GCC_DYNAMIC_NO_PIC = NO;
				GCC_NO_COMMON_BLOCKS = YES;
				GCC_OPTIMIZATION_LEVEL = 0;
				GCC_PREPROCESSOR_DEFINITIONS = (
					"DEBUG=1",
					"$(inherited)",
				);
				GCC_WARN_64_TO_32_BIT_CONVERSION = YES;
				GCC_WARN_ABOUT_RETURN_TYPE = YES_ERROR;
				GCC_WARN_UNDECLARED_SELECTOR = YES;
				GCC_WARN_UNINITIALIZED_AUTOS = YES_AGGRESSIVE;
				GCC_WARN_UNUSED_FUNCTION = YES;
				GCC_WARN_UNUSED_VARIABLE = YES;
				MACOSX_DEPLOYMENT_TARGET = 10.15;
				MTL_ENABLE_DEBUG_INFO = INCLUDE_SOURCE;
				MTL_FAST_MATH = YES;
				ONLY_ACTIVE_ARCH = YES;
				SDKROOT = macosx;
				SWIFT_ACTIVE_COMPILATION_CONDITIONS = DEBUG;
				SWIFT_OPTIMIZATION_LEVEL = "-Onone";
			};
			name = Debug;
		};
		71360A3E25CBD2F400E8E668 /* Release */ = {
			isa = XCBuildConfiguration;
			buildSettings = {
				ALWAYS_SEARCH_USER_PATHS = NO;
				CLANG_ANALYZER_NONNULL = YES;
				CLANG_ANALYZER_NUMBER_OBJECT_CONVERSION = YES_AGGRESSIVE;
				CLANG_CXX_LANGUAGE_STANDARD = "gnu++14";
				CLANG_CXX_LIBRARY = "libc++";
				CLANG_ENABLE_MODULES = YES;
				CLANG_ENABLE_OBJC_ARC = YES;
				CLANG_ENABLE_OBJC_WEAK = YES;
				CLANG_WARN_BLOCK_CAPTURE_AUTORELEASING = YES;
				CLANG_WARN_BOOL_CONVERSION = YES;
				CLANG_WARN_COMMA = YES;
				CLANG_WARN_CONSTANT_CONVERSION = YES;
				CLANG_WARN_DEPRECATED_OBJC_IMPLEMENTATIONS = YES;
				CLANG_WARN_DIRECT_OBJC_ISA_USAGE = YES_ERROR;
				CLANG_WARN_DOCUMENTATION_COMMENTS = YES;
				CLANG_WARN_EMPTY_BODY = YES;
				CLANG_WARN_ENUM_CONVERSION = YES;
				CLANG_WARN_INFINITE_RECURSION = YES;
				CLANG_WARN_INT_CONVERSION = YES;
				CLANG_WARN_NON_LITERAL_NULL_CONVERSION = YES;
				CLANG_WARN_OBJC_IMPLICIT_RETAIN_SELF = YES;
				CLANG_WARN_OBJC_LITERAL_CONVERSION = YES;
				CLANG_WARN_OBJC_ROOT_CLASS = YES_ERROR;
				CLANG_WARN_QUOTED_INCLUDE_IN_FRAMEWORK_HEADER = YES;
				CLANG_WARN_RANGE_LOOP_ANALYSIS = YES;
				CLANG_WARN_STRICT_PROTOTYPES = YES;
				CLANG_WARN_SUSPICIOUS_MOVE = YES;
				CLANG_WARN_UNGUARDED_AVAILABILITY = YES_AGGRESSIVE;
				CLANG_WARN_UNREACHABLE_CODE = YES;
				CLANG_WARN__DUPLICATE_METHOD_MATCH = YES;
				COPY_PHASE_STRIP = NO;
				DEBUG_INFORMATION_FORMAT = "dwarf-with-dsym";
				ENABLE_NS_ASSERTIONS = NO;
				ENABLE_STRICT_OBJC_MSGSEND = YES;
				GCC_C_LANGUAGE_STANDARD = gnu11;
				GCC_NO_COMMON_BLOCKS = YES;
				GCC_WARN_64_TO_32_BIT_CONVERSION = YES;
				GCC_WARN_ABOUT_RETURN_TYPE = YES_ERROR;
				GCC_WARN_UNDECLARED_SELECTOR = YES;
				GCC_WARN_UNINITIALIZED_AUTOS = YES_AGGRESSIVE;
				GCC_WARN_UNUSED_FUNCTION = YES;
				GCC_WARN_UNUSED_VARIABLE = YES;
				MACOSX_DEPLOYMENT_TARGET = 10.15;
				MTL_ENABLE_DEBUG_INFO = NO;
				MTL_FAST_MATH = YES;
				SDKROOT = macosx;
				SWIFT_COMPILATION_MODE = wholemodule;
				SWIFT_OPTIMIZATION_LEVEL = "-O";
			};
			name = Release;
		};
		71360A4025CBD2F400E8E668 /* Debug */ = {
			isa = XCBuildConfiguration;
			baseConfigurationReference = 5E6ED096FCAD3F0D14029854 /* Pods-Bark-Mac.debug.xcconfig */;
			buildSettings = {
				ASSETCATALOG_COMPILER_APPICON_NAME = AppIcon;
				ASSETCATALOG_COMPILER_GLOBAL_ACCENT_COLOR_NAME = AccentColor;
				CODE_SIGN_ENTITLEMENTS = "Bark-Mac/Bark_Mac.entitlements";
				CODE_SIGN_STYLE = Automatic;
				COMBINE_HIDPI_IMAGES = YES;
				CURRENT_PROJECT_VERSION = 2;
				INFOPLIST_FILE = "Bark-Mac/Info.plist";
				LD_RUNPATH_SEARCH_PATHS = (
					"$(inherited)",
					"@executable_path/../Frameworks",
				);
				MARKETING_VERSION = 1.0.1;
				PRODUCT_BUNDLE_IDENTIFIER = "com.cn.Bark-Mac";
				PRODUCT_NAME = "$(TARGET_NAME)";
				SWIFT_VERSION = 5.0;
			};
			name = Debug;
		};
		71360A4125CBD2F400E8E668 /* Release */ = {
			isa = XCBuildConfiguration;
			baseConfigurationReference = F9F6D09BBC7C4BB70ACB8B25 /* Pods-Bark-Mac.release.xcconfig */;
			buildSettings = {
				ASSETCATALOG_COMPILER_APPICON_NAME = AppIcon;
				ASSETCATALOG_COMPILER_GLOBAL_ACCENT_COLOR_NAME = AccentColor;
				CODE_SIGN_ENTITLEMENTS = "Bark-Mac/Bark_Mac.entitlements";
				CODE_SIGN_STYLE = Automatic;
				COMBINE_HIDPI_IMAGES = YES;
				CURRENT_PROJECT_VERSION = 2;
				INFOPLIST_FILE = "Bark-Mac/Info.plist";
				LD_RUNPATH_SEARCH_PATHS = (
					"$(inherited)",
					"@executable_path/../Frameworks",
				);
				MARKETING_VERSION = 1.0.1;
				PRODUCT_BUNDLE_IDENTIFIER = "com.cn.Bark-Mac";
				PRODUCT_NAME = "$(TARGET_NAME)";
				SWIFT_VERSION = 5.0;
			};
			name = Release;
		};
/* End XCBuildConfiguration section */

/* Begin XCConfigurationList section */
		71360A2A25CBD2F100E8E668 /* Build configuration list for PBXProject "Bark-Mac" */ = {
			isa = XCConfigurationList;
			buildConfigurations = (
				71360A3D25CBD2F400E8E668 /* Debug */,
				71360A3E25CBD2F400E8E668 /* Release */,
			);
			defaultConfigurationIsVisible = 0;
			defaultConfigurationName = Release;
		};
		71360A3F25CBD2F400E8E668 /* Build configuration list for PBXNativeTarget "Bark-Mac" */ = {
			isa = XCConfigurationList;
			buildConfigurations = (
				71360A4025CBD2F400E8E668 /* Debug */,
				71360A4125CBD2F400E8E668 /* Release */,
			);
			defaultConfigurationIsVisible = 0;
			defaultConfigurationName = Release;
		};
/* End XCConfigurationList section */
	};
	rootObject = 71360A2725CBD2F100E8E668 /* Project object */;
}
